<?xml version="1.0" encoding="utf-8"?>
<Project ToolsVersion="4.0" xmlns="http://schemas.microsoft.com/developer/msbuild/2003">
  <ItemGroup>
    <Filter Include="Resource Files">
      <UniqueIdentifier>{67DA6AB6-F800-4c08-8B7A-83BB121AAD01}</UniqueIdentifier>
      <Extensions>rc;ico;cur;bmp;dlg;rc2;rct;bin;rgs;gif;jpg;jpeg;jpe;resx;tiff;tif;png;wav;mfcribbon-ms</Extensions>
    </Filter>
    <Filter Include="include">
      <UniqueIdentifier>{93995380-89BD-4b04-88EB-625FBE52EBFB}</UniqueIdentifier>
      <Extensions>h;hh;hpp;hxx;hm;inl;inc;xsd</Extensions>
    </Filter>
    <Filter Include="src">
      <UniqueIdentifier>{4FC737F1-C7A5-4376-A066-2A32D752A2FF}</UniqueIdentifier>
      <Extensions>cpp;c;cc;cxx;def;odl;idl;hpj;bat;asm;asmx</Extensions>
    </Filter>
    <Filter Include="src\Readers">
      <UniqueIdentifier>{da6b2ab3-7ebc-4dcc-8fb2-1d74781400b9}</UniqueIdentifier>
    </Filter>
    <Filter Include="src\Matrices">
      <UniqueIdentifier>{1b0a5b8b-04b1-4bfd-b1e0-315ec6c4039c}</UniqueIdentifier>
    </Filter>
    <Filter Include="tests">
      <UniqueIdentifier>{6ae0d993-4897-46df-a3e3-c853d9cdb070}</UniqueIdentifier>
    </Filter>
    <Filter Include="include\Matrices">
      <UniqueIdentifier>{2b431776-6887-4f53-971c-5a6eb46f7222}</UniqueIdentifier>
    </Filter>
    <Filter Include="include\Readers">
      <UniqueIdentifier>{efa3d66f-c849-43c7-886a-06e3a889fccb}</UniqueIdentifier>
    </Filter>
    <Filter Include="tests\Matrices">
      <UniqueIdentifier>{ccebc497-6883-459f-885c-e05cbb7f6ef2}</UniqueIdentifier>
    </Filter>
    <Filter Include="tests\Readers">
      <UniqueIdentifier>{be27d5ff-d98c-4ff4-be20-7a7b67944c7d}</UniqueIdentifier>
    </Filter>
    <Filter Include="src\Benchmarks">
      <UniqueIdentifier>{4fdd7f39-1918-4380-abb6-b70b21dab87b}</UniqueIdentifier>
    </Filter>
    <Filter Include="include\Benchmarks">
      <UniqueIdentifier>{e2f4adad-e0aa-41c5-8605-df9518cf1bf5}</UniqueIdentifier>
    </Filter>
    <Filter Include="tests\Benchmarks">
      <UniqueIdentifier>{09b91d6d-8145-4712-b74d-ba99105d195c}</UniqueIdentifier>
    </Filter>
  </ItemGroup>
  <ItemGroup>
    <Text Include="ReadMe.txt" />
  </ItemGroup>
  <ItemGroup>
    <ClInclude Include="stdafx.h">
      <Filter>include</Filter>
    </ClInclude>
    <ClInclude Include="targetver.h">
      <Filter>include</Filter>
    </ClInclude>
    <ClInclude Include="DOK.hpp">
      <Filter>include\Matrices</Filter>
    </ClInclude>
    <ClInclude Include="AbaqusReader.hpp">
      <Filter>include\Readers</Filter>
    </ClInclude>
    <ClInclude Include="CSR.hpp">
      <Filter>include\Matrices</Filter>
    </ClInclude>
    <ClInclude Include="Benchmark.hpp">
      <Filter>include\Benchmarks</Filter>
    </ClInclude>
  </ItemGroup>
  <ItemGroup>
    <ClCompile Include="stdafx.cpp">
      <Filter>src</Filter>
    </ClCompile>
    <ClCompile Include="Structural_SpMV.cpp">
      <Filter>src</Filter>
    </ClCompile>
    <ClCompile Include="DOK.cpp">
      <Filter>src\Matrices</Filter>
    </ClCompile>
    <ClCompile Include="AbaqusReader.cpp">
      <Filter>src\Readers</Filter>
    </ClCompile>
    <ClCompile Include="AbaqusReaderTest.cpp">
      <Filter>tests\Readers</Filter>
    </ClCompile>
    <ClCompile Include="DOKTest.cpp">
      <Filter>tests\Matrices</Filter>
    </ClCompile>
    <ClCompile Include="CSR.cpp">
      <Filter>src\Matrices</Filter>
    </ClCompile>
    <ClCompile Include="CSRTests.cpp">
      <Filter>tests\Matrices</Filter>
    </ClCompile>
    <ClCompile Include="Benchmark.cpp">
      <Filter>src\Benchmarks</Filter>
    </ClCompile>
    <ClCompile Include="BenchmarkTest.cpp">
      <Filter>tests\Benchmarks</Filter>
    </ClCompile>
  </ItemGroup>
</Project>